// !$*UTF8*$!
{
   archiveVersion = "1";
   objectVersion = "46";
   objects = {
      "OBJ_1" = {
         isa = "PBXProject";
         attributes = {
            LastSwiftMigration = "9999";
            LastUpgradeCheck = "9999";
         };
         buildConfigurationList = "OBJ_2";
         compatibilityVersion = "Xcode 3.2";
         developmentRegion = "English";
         hasScannedForEncodings = "0";
         knownRegions = (
            "en"
         );
         mainGroup = "OBJ_5";
         productRefGroup = "OBJ_39";
         projectDirPath = ".";
         targets = (
            "SawtoothSigning::SawtoothSigning",
            "SawtoothSigning::SwiftPMPackageDescription",
            "secp256k1::libsecp256k1",
            "secp256k1::secp256k1",
            "secp256k1::SwiftPMPackageDescription"
         );
      };
      "OBJ_10" = {
         isa = "PBXFileReference";
         path = "Info.plist";
         sourceTree = "<group>";
      };
      "OBJ_101" = {
         isa = "XCConfigurationList";
         buildConfigurations = (
            "OBJ_102",
            "OBJ_103"
         );
         defaultConfigurationIsVisible = "0";
         defaultConfigurationName = "Release";
      };
      "OBJ_102" = {
         isa = "XCBuildConfiguration";
         buildSettings = {
            LD = "/usr/bin/true";
            OTHER_SWIFT_FLAGS = (
               "-swift-version",
               "4",
               "-I",
               "$(TOOLCHAIN_DIR)/usr/lib/swift/pm/4",
               "-target",
               "x86_64-apple-macosx10.10",
               "-sdk",
               "/Applications/Xcode.app/Contents/Developer/Platforms/MacOSX.platform/Developer/SDKs/MacOSX10.14.sdk"
            );
            SWIFT_VERSION = "4.0";
         };
         name = "Debug";
      };
      "OBJ_103" = {
         isa = "XCBuildConfiguration";
         buildSettings = {
            LD = "/usr/bin/true";
            OTHER_SWIFT_FLAGS = (
               "-swift-version",
               "4",
               "-I",
               "$(TOOLCHAIN_DIR)/usr/lib/swift/pm/4",
               "-target",
               "x86_64-apple-macosx10.10",
               "-sdk",
               "/Applications/Xcode.app/Contents/Developer/Platforms/MacOSX.platform/Developer/SDKs/MacOSX10.14.sdk"
            );
            SWIFT_VERSION = "4.0";
         };
         name = "Release";
      };
      "OBJ_104" = {
         isa = "PBXSourcesBuildPhase";
         files = (
            "OBJ_105"
         );
      };
      "OBJ_105" = {
         isa = "PBXBuildFile";
         fileRef = "OBJ_38";
      };
      "OBJ_11" = {
         isa = "PBXFileReference";
         path = "Context.swift";
         sourceTree = "<group>";
      };
      "OBJ_12" = {
         isa = "PBXFileReference";
         path = "CryptoFactory.swift";
         sourceTree = "<group>";
      };
      "OBJ_13" = {
         isa = "PBXFileReference";
         path = "Encoding.swift";
         sourceTree = "<group>";
      };
      "OBJ_14" = {
         isa = "PBXFileReference";
         path = "Error.swift";
         sourceTree = "<group>";
      };
      "OBJ_15" = {
         isa = "PBXFileReference";
         path = "PrivateKey.swift";
         sourceTree = "<group>";
      };
      "OBJ_16" = {
         isa = "PBXFileReference";
         path = "PublicKey.swift";
         sourceTree = "<group>";
      };
      "OBJ_17" = {
         isa = "PBXFileReference";
         path = "Secp256k1Context.swift";
         sourceTree = "<group>";
      };
      "OBJ_18" = {
         isa = "PBXFileReference";
         path = "Secp256k1PrivateKey.swift";
         sourceTree = "<group>";
      };
      "OBJ_19" = {
         isa = "PBXFileReference";
         path = "Secp256k1PublicKey.swift";
         sourceTree = "<group>";
      };
      "OBJ_2" = {
         isa = "XCConfigurationList";
         buildConfigurations = (
            "OBJ_3",
            "OBJ_4"
         );
         defaultConfigurationIsVisible = "0";
         defaultConfigurationName = "Release";
      };
      "OBJ_20" = {
         isa = "PBXFileReference";
         path = "Signer.swift";
         sourceTree = "<group>";
      };
      "OBJ_21" = {
         isa = "PBXGroup";
         children = (
         );
         name = "Tests";
         path = "";
         sourceTree = "SOURCE_ROOT";
      };
      "OBJ_22" = {
         isa = "PBXGroup";
         children = (
            "OBJ_23"
         );
         name = "Dependencies";
         path = "";
         sourceTree = "<group>";
      };
      "OBJ_23" = {
         isa = "PBXGroup";
         children = (
            "OBJ_24",
            "OBJ_36",
            "OBJ_38"
         );
         name = "secp256k1 0.1.4";
         path = "";
         sourceTree = "SOURCE_ROOT";
      };
      "OBJ_24" = {
         isa = "PBXGroup";
         children = (
            "OBJ_25"
         );
         name = "libsecp256k1";
         path = ".build/checkouts/secp256k1.swift/secp256k1/Classes";
         sourceTree = "SOURCE_ROOT";
      };
      "OBJ_25" = {
         isa = "PBXGroup";
         children = (
            "OBJ_26",
            "OBJ_29",
            "OBJ_31"
         );
         name = "secp256k1";
         path = "secp256k1";
         sourceTree = "<group>";
      };
      "OBJ_26" = {
         isa = "PBXGroup";
         children = (
            "OBJ_27",
            "OBJ_28"
         );
         name = "contrib";
         path = "contrib";
         sourceTree = "<group>";
      };
      "OBJ_27" = {
         isa = "PBXFileReference";
         path = "lax_der_parsing.c";
         sourceTree = "<group>";
      };
      "OBJ_28" = {
         isa = "PBXFileReference";
         path = "lax_der_privatekey_parsing.c";
         sourceTree = "<group>";
      };
      "OBJ_29" = {
         isa = "PBXGroup";
         children = (
            "OBJ_30"
         );
         name = "src";
         path = "src";
         sourceTree = "<group>";
      };
      "OBJ_3" = {
         isa = "XCBuildConfiguration";
         buildSettings = {
            CLANG_ENABLE_OBJC_ARC = "YES";
            COMBINE_HIDPI_IMAGES = "YES";
            COPY_PHASE_STRIP = "NO";
            DEBUG_INFORMATION_FORMAT = "dwarf";
            DYLIB_INSTALL_NAME_BASE = "@rpath";
            ENABLE_NS_ASSERTIONS = "YES";
            GCC_OPTIMIZATION_LEVEL = "0";
            GCC_PREPROCESSOR_DEFINITIONS = (
               "$(inherited)",
               "SWIFT_PACKAGE=1",
               "DEBUG=1"
            );
            MACOSX_DEPLOYMENT_TARGET = "10.10";
            ONLY_ACTIVE_ARCH = "YES";
            OTHER_SWIFT_FLAGS = (
               "-DXcode"
            );
            PRODUCT_NAME = "$(TARGET_NAME)";
            SDKROOT = "macosx";
            SUPPORTED_PLATFORMS = (
               "macosx",
               "iphoneos",
               "iphonesimulator",
               "appletvos",
               "appletvsimulator",
               "watchos",
               "watchsimulator"
            );
            SWIFT_ACTIVE_COMPILATION_CONDITIONS = (
               "$(inherited)",
               "SWIFT_PACKAGE",
               "DEBUG"
            );
            SWIFT_OPTIMIZATION_LEVEL = "-Onone";
            USE_HEADERMAP = "NO";
         };
         name = "Debug";
      };
      "OBJ_30" = {
         isa = "PBXFileReference";
         path = "secp256k1.c";
         sourceTree = "<group>";
      };
      "OBJ_31" = {
         isa = "PBXGroup";
         children = (
            "OBJ_32",
            "OBJ_33",
            "OBJ_34",
            "OBJ_35"
         );
         name = "include";
         path = "include";
         sourceTree = "<group>";
      };
      "OBJ_32" = {
         isa = "PBXFileReference";
         path = "secp256k1_ecdh.h";
         sourceTree = "<group>";
      };
      "OBJ_33" = {
         isa = "PBXFileReference";
         path = "secp256k1_recovery.h";
         sourceTree = "<group>";
      };
      "OBJ_34" = {
         isa = "PBXFileReference";
         path = "secp256k1.h";
         sourceTree = "<group>";
      };
      "OBJ_35" = {
         isa = "PBXFileReference";
         name = "module.modulemap";
         path = "/Users/Teaching/Documents/Programs/Xcode/sawtooth-sdk-swift/SawtoothSigning.xcodeproj/GeneratedModuleMap/libsecp256k1/module.modulemap";
         sourceTree = "<group>";
      };
      "OBJ_36" = {
         isa = "PBXGroup";
         children = (
            "OBJ_37"
         );
         name = "secp256k1";
         path = ".build/checkouts/secp256k1.swift/secp256k1/Classes/exporter";
         sourceTree = "SOURCE_ROOT";
      };
      "OBJ_37" = {
         isa = "PBXFileReference";
         path = "Exporter.swift";
         sourceTree = "<group>";
      };
      "OBJ_38" = {
         isa = "PBXFileReference";
         explicitFileType = "sourcecode.swift";
         name = "Package.swift";
         path = "/Users/Teaching/Documents/Programs/Xcode/sawtooth-sdk-swift/.build/checkouts/secp256k1.swift/Package.swift";
         sourceTree = "<group>";
      };
      "OBJ_39" = {
         isa = "PBXGroup";
         children = (
            "secp256k1::secp256k1::Product",
            "SawtoothSigning::SawtoothSigning::Product",
            "secp256k1::libsecp256k1::Product"
         );
         name = "Products";
         path = "";
         sourceTree = "BUILT_PRODUCTS_DIR";
      };
      "OBJ_4" = {
         isa = "XCBuildConfiguration";
         buildSettings = {
            CLANG_ENABLE_OBJC_ARC = "YES";
            COMBINE_HIDPI_IMAGES = "YES";
            COPY_PHASE_STRIP = "YES";
            DEBUG_INFORMATION_FORMAT = "dwarf-with-dsym";
            DYLIB_INSTALL_NAME_BASE = "@rpath";
            GCC_OPTIMIZATION_LEVEL = "s";
            GCC_PREPROCESSOR_DEFINITIONS = (
               "$(inherited)",
               "SWIFT_PACKAGE=1"
            );
            MACOSX_DEPLOYMENT_TARGET = "10.10";
            OTHER_SWIFT_FLAGS = (
               "-DXcode"
            );
            PRODUCT_NAME = "$(TARGET_NAME)";
            SDKROOT = "macosx";
            SUPPORTED_PLATFORMS = (
               "macosx",
               "iphoneos",
               "iphonesimulator",
               "appletvos",
               "appletvsimulator",
               "watchos",
               "watchsimulator"
            );
            SWIFT_ACTIVE_COMPILATION_CONDITIONS = (
               "$(inherited)",
               "SWIFT_PACKAGE"
            );
            SWIFT_OPTIMIZATION_LEVEL = "-Owholemodule";
            USE_HEADERMAP = "NO";
         };
         name = "Release";
      };
      "OBJ_43" = {
         isa = "PBXFileReference";
         path = "protos";
         sourceTree = "SOURCE_ROOT";
      };
      "OBJ_44" = {
         isa = "PBXFileReference";
         path = "bin";
         sourceTree = "SOURCE_ROOT";
      };
      "OBJ_45" = {
         isa = "PBXFileReference";
         path = "ci";
         sourceTree = "SOURCE_ROOT";
      };
      "OBJ_46" = {
         isa = "PBXFileReference";
         path = "docs";
         sourceTree = "SOURCE_ROOT";
      };
      "OBJ_47" = {
         isa = "PBXFileReference";
         path = "examples";
         sourceTree = "SOURCE_ROOT";
      };
      "OBJ_48" = {
         isa = "PBXFileReference";
         path = "sawtooth-sdk-swift.xcworkspace";
         sourceTree = "SOURCE_ROOT";
      };
      "OBJ_49" = {
         isa = "PBXFileReference";
         path = "Cartfile.resolved";
         sourceTree = "<group>";
      };
      "OBJ_5" = {
         isa = "PBXGroup";
         children = (
            "OBJ_6",
            "OBJ_7",
            "OBJ_21",
            "OBJ_22",
            "OBJ_39",
            "OBJ_43",
            "OBJ_44",
            "OBJ_45",
            "OBJ_46",
            "OBJ_47",
            "OBJ_48",
            "OBJ_49",
            "OBJ_50",
            "OBJ_51",
            "OBJ_52",
            "OBJ_53",
            "OBJ_54",
            "OBJ_55"
         );
         path = "";
         sourceTree = "<group>";
      };
      "OBJ_50" = {
         isa = "PBXFileReference";
         path = "LICENSE";
         sourceTree = "<group>";
      };
      "OBJ_51" = {
         isa = "PBXFileReference";
         path = "Cartfile";
         sourceTree = "<group>";
      };
      "OBJ_52" = {
         isa = "PBXFileReference";
         path = "CODEOWNERS";
         sourceTree = "<group>";
      };
      "OBJ_53" = {
         isa = "PBXFileReference";
         path = "MAINTAINERS.md";
         sourceTree = "<group>";
      };
      "OBJ_54" = {
         isa = "PBXFileReference";
         path = "README.md";
         sourceTree = "<group>";
      };
      "OBJ_55" = {
         isa = "PBXFileReference";
         path = "Jenkinsfile";
         sourceTree = "<group>";
      };
      "OBJ_57" = {
         isa = "XCConfigurationList";
         buildConfigurations = (
            "OBJ_58",
            "OBJ_59"
         );
         defaultConfigurationIsVisible = "0";
         defaultConfigurationName = "Release";
      };
      "OBJ_58" = {
         isa = "XCBuildConfiguration";
         buildSettings = {
            ENABLE_TESTABILITY = "YES";
            FRAMEWORK_SEARCH_PATHS = (
               "$(inherited)",
               "$(PLATFORM_DIR)/Developer/Library/Frameworks"
            );
            HEADER_SEARCH_PATHS = (
               "$(inherited)",
               "$(SRCROOT)/.build/checkouts/secp256k1.swift/secp256k1/Classes/secp256k1/include",
               "$(SRCROOT)/SawtoothSigning.xcodeproj/GeneratedModuleMap/libsecp256k1"
            );
            INFOPLIST_FILE = "SawtoothSigning.xcodeproj/SawtoothSigning_Info.plist";
            LD_RUNPATH_SEARCH_PATHS = (
               "$(inherited)",
               "$(TOOLCHAIN_DIR)/usr/lib/swift/macosx"
            );
            OTHER_CFLAGS = (
               "$(inherited)"
            );
            OTHER_LDFLAGS = (
               "$(inherited)"
            );
            OTHER_SWIFT_FLAGS = (
               "$(inherited)",
               "-Xcc",
               "-fmodule-map-file=$(SRCROOT)/SawtoothSigning.xcodeproj/GeneratedModuleMap/libsecp256k1/module.modulemap"
            );
            PRODUCT_BUNDLE_IDENTIFIER = "SawtoothSigning";
            PRODUCT_MODULE_NAME = "$(TARGET_NAME:c99extidentifier)";
            PRODUCT_NAME = "$(TARGET_NAME:c99extidentifier)";
            SKIP_INSTALL = "YES";
            SWIFT_ACTIVE_COMPILATION_CONDITIONS = (
               "$(inherited)"
            );
            SWIFT_VERSION = "4.2";
            TARGET_NAME = "SawtoothSigning";
         };
         name = "Debug";
      };
      "OBJ_59" = {
         isa = "XCBuildConfiguration";
         buildSettings = {
            ENABLE_TESTABILITY = "YES";
            FRAMEWORK_SEARCH_PATHS = (
               "$(inherited)",
               "$(PLATFORM_DIR)/Developer/Library/Frameworks"
            );
            HEADER_SEARCH_PATHS = (
               "$(inherited)",
               "$(SRCROOT)/.build/checkouts/secp256k1.swift/secp256k1/Classes/secp256k1/include",
               "$(SRCROOT)/SawtoothSigning.xcodeproj/GeneratedModuleMap/libsecp256k1"
            );
            INFOPLIST_FILE = "SawtoothSigning.xcodeproj/SawtoothSigning_Info.plist";
            LD_RUNPATH_SEARCH_PATHS = (
               "$(inherited)",
               "$(TOOLCHAIN_DIR)/usr/lib/swift/macosx"
            );
            OTHER_CFLAGS = (
               "$(inherited)"
            );
            OTHER_LDFLAGS = (
               "$(inherited)"
            );
            OTHER_SWIFT_FLAGS = (
               "$(inherited)",
               "-Xcc",
               "-fmodule-map-file=$(SRCROOT)/SawtoothSigning.xcodeproj/GeneratedModuleMap/libsecp256k1/module.modulemap"
            );
            PRODUCT_BUNDLE_IDENTIFIER = "SawtoothSigning";
            PRODUCT_MODULE_NAME = "$(TARGET_NAME:c99extidentifier)";
            PRODUCT_NAME = "$(TARGET_NAME:c99extidentifier)";
            SKIP_INSTALL = "YES";
            SWIFT_ACTIVE_COMPILATION_CONDITIONS = (
               "$(inherited)"
            );
            SWIFT_VERSION = "4.2";
            TARGET_NAME = "SawtoothSigning";
         };
         name = "Release";
      };
      "OBJ_6" = {
         isa = "PBXFileReference";
         explicitFileType = "sourcecode.swift";
         path = "Package.swift";
         sourceTree = "<group>";
      };
      "OBJ_60" = {
         isa = "PBXSourcesBuildPhase";
         files = (
            "OBJ_61",
            "OBJ_62",
            "OBJ_63",
            "OBJ_64",
            "OBJ_65",
            "OBJ_66",
            "OBJ_67",
            "OBJ_68",
            "OBJ_69",
            "OBJ_70"
         );
      };
      "OBJ_61" = {
         isa = "PBXBuildFile";
         fileRef = "OBJ_11";
      };
      "OBJ_62" = {
         isa = "PBXBuildFile";
         fileRef = "OBJ_12";
      };
      "OBJ_63" = {
         isa = "PBXBuildFile";
         fileRef = "OBJ_13";
      };
      "OBJ_64" = {
         isa = "PBXBuildFile";
         fileRef = "OBJ_14";
      };
      "OBJ_65" = {
         isa = "PBXBuildFile";
         fileRef = "OBJ_15";
      };
      "OBJ_66" = {
         isa = "PBXBuildFile";
         fileRef = "OBJ_16";
      };
      "OBJ_67" = {
         isa = "PBXBuildFile";
         fileRef = "OBJ_17";
      };
      "OBJ_68" = {
         isa = "PBXBuildFile";
         fileRef = "OBJ_18";
      };
      "OBJ_69" = {
         isa = "PBXBuildFile";
         fileRef = "OBJ_19";
      };
      "OBJ_7" = {
         isa = "PBXGroup";
         children = (
            "OBJ_8"
         );
         name = "Sources";
         path = "";
         sourceTree = "SOURCE_ROOT";
      };
      "OBJ_70" = {
         isa = "PBXBuildFile";
         fileRef = "OBJ_20";
      };
      "OBJ_71" = {
         isa = "PBXFrameworksBuildPhase";
         files = (
            "OBJ_72",
            "OBJ_73"
         );
      };
      "OBJ_72" = {
         isa = "PBXBuildFile";
         fileRef = "secp256k1::secp256k1::Product";
      };
      "OBJ_73" = {
         isa = "PBXBuildFile";
         fileRef = "secp256k1::libsecp256k1::Product";
      };
      "OBJ_74" = {
         isa = "PBXTargetDependency";
         target = "secp256k1::secp256k1";
      };
      "OBJ_76" = {
         isa = "PBXTargetDependency";
         target = "secp256k1::libsecp256k1";
      };
      "OBJ_79" = {
         isa = "XCConfigurationList";
         buildConfigurations = (
            "OBJ_80",
            "OBJ_81"
         );
         defaultConfigurationIsVisible = "0";
         defaultConfigurationName = "Release";
      };
      "OBJ_8" = {
         isa = "PBXGroup";
         children = (
            "OBJ_9",
            "OBJ_10",
            "OBJ_11",
            "OBJ_12",
            "OBJ_13",
            "OBJ_14",
            "OBJ_15",
            "OBJ_16",
            "OBJ_17",
            "OBJ_18",
            "OBJ_19",
            "OBJ_20"
         );
         name = "SawtoothSigning";
         path = "Sources/SawtoothSigning";
         sourceTree = "SOURCE_ROOT";
      };
      "OBJ_80" = {
         isa = "XCBuildConfiguration";
         buildSettings = {
            LD = "/usr/bin/true";
            OTHER_SWIFT_FLAGS = (
               "-swift-version",
               "4.2",
               "-I",
               "$(TOOLCHAIN_DIR)/usr/lib/swift/pm/4_2",
               "-target",
               "x86_64-apple-macosx10.10",
               "-sdk",
               "/Applications/Xcode.app/Contents/Developer/Platforms/MacOSX.platform/Developer/SDKs/MacOSX10.14.sdk"
            );
            SWIFT_VERSION = "4.2";
         };
         name = "Debug";
      };
      "OBJ_81" = {
         isa = "XCBuildConfiguration";
         buildSettings = {
            LD = "/usr/bin/true";
            OTHER_SWIFT_FLAGS = (
               "-swift-version",
               "4.2",
               "-I",
               "$(TOOLCHAIN_DIR)/usr/lib/swift/pm/4_2",
               "-target",
               "x86_64-apple-macosx10.10",
               "-sdk",
               "/Applications/Xcode.app/Contents/Developer/Platforms/MacOSX.platform/Developer/SDKs/MacOSX10.14.sdk"
            );
            SWIFT_VERSION = "4.2";
         };
         name = "Release";
      };
      "OBJ_82" = {
         isa = "PBXSourcesBuildPhase";
         files = (
            "OBJ_83"
         );
      };
      "OBJ_83" = {
         isa = "PBXBuildFile";
         fileRef = "OBJ_6";
      };
      "OBJ_84" = {
         isa = "XCConfigurationList";
         buildConfigurations = (
            "OBJ_85",
            "OBJ_86"
         );
         defaultConfigurationIsVisible = "0";
         defaultConfigurationName = "Release";
      };
      "OBJ_85" = {
         isa = "XCBuildConfiguration";
         buildSettings = {
            DEFINES_MODULE = "NO";
            ENABLE_TESTABILITY = "YES";
            FRAMEWORK_SEARCH_PATHS = (
               "$(inherited)",
               "$(PLATFORM_DIR)/Developer/Library/Frameworks"
            );
            HEADER_SEARCH_PATHS = (
               "$(inherited)",
               "$(SRCROOT)/.build/checkouts/secp256k1.swift/secp256k1/Classes/secp256k1/include"
            );
            INFOPLIST_FILE = "SawtoothSigning.xcodeproj/libsecp256k1_Info.plist";
            LD_RUNPATH_SEARCH_PATHS = (
               "$(inherited)",
               "$(TOOLCHAIN_DIR)/usr/lib/swift/macosx"
            );
            OTHER_CFLAGS = (
               "$(inherited)"
            );
            OTHER_LDFLAGS = (
               "$(inherited)"
            );
            OTHER_SWIFT_FLAGS = (
               "$(inherited)"
            );
            PRODUCT_BUNDLE_IDENTIFIER = "libsecp256k1";
            PRODUCT_MODULE_NAME = "$(TARGET_NAME:c99extidentifier)";
            PRODUCT_NAME = "$(TARGET_NAME:c99extidentifier)";
            SKIP_INSTALL = "YES";
            SWIFT_ACTIVE_COMPILATION_CONDITIONS = (
               "$(inherited)"
            );
            TARGET_NAME = "libsecp256k1";
         };
         name = "Debug";
      };
      "OBJ_86" = {
         isa = "XCBuildConfiguration";
         buildSettings = {
            DEFINES_MODULE = "NO";
            ENABLE_TESTABILITY = "YES";
            FRAMEWORK_SEARCH_PATHS = (
               "$(inherited)",
               "$(PLATFORM_DIR)/Developer/Library/Frameworks"
            );
            HEADER_SEARCH_PATHS = (
               "$(inherited)",
               "$(SRCROOT)/.build/checkouts/secp256k1.swift/secp256k1/Classes/secp256k1/include"
            );
            INFOPLIST_FILE = "SawtoothSigning.xcodeproj/libsecp256k1_Info.plist";
            LD_RUNPATH_SEARCH_PATHS = (
               "$(inherited)",
               "$(TOOLCHAIN_DIR)/usr/lib/swift/macosx"
            );
            OTHER_CFLAGS = (
               "$(inherited)"
            );
            OTHER_LDFLAGS = (
               "$(inherited)"
            );
            OTHER_SWIFT_FLAGS = (
               "$(inherited)"
            );
            PRODUCT_BUNDLE_IDENTIFIER = "libsecp256k1";
            PRODUCT_MODULE_NAME = "$(TARGET_NAME:c99extidentifier)";
            PRODUCT_NAME = "$(TARGET_NAME:c99extidentifier)";
            SKIP_INSTALL = "YES";
            SWIFT_ACTIVE_COMPILATION_CONDITIONS = (
               "$(inherited)"
            );
            TARGET_NAME = "libsecp256k1";
         };
         name = "Release";
      };
      "OBJ_87" = {
         isa = "PBXSourcesBuildPhase";
         files = (
            "OBJ_88",
            "OBJ_89",
            "OBJ_90"
         );
      };
      "OBJ_88" = {
         isa = "PBXBuildFile";
         fileRef = "OBJ_27";
      };
      "OBJ_89" = {
         isa = "PBXBuildFile";
         fileRef = "OBJ_28";
      };
      "OBJ_9" = {
         isa = "PBXFileReference";
         path = "SawtoothSigning.h";
         sourceTree = "<group>";
      };
      "OBJ_90" = {
         isa = "PBXBuildFile";
         fileRef = "OBJ_30";
      };
      "OBJ_91" = {
         isa = "PBXFrameworksBuildPhase";
         files = (
         );
      };
      "OBJ_92" = {
         isa = "XCConfigurationList";
         buildConfigurations = (
            "OBJ_93",
            "OBJ_94"
         );
         defaultConfigurationIsVisible = "0";
         defaultConfigurationName = "Release";
      };
      "OBJ_93" = {
         isa = "XCBuildConfiguration";
         buildSettings = {
            ENABLE_TESTABILITY = "YES";
            FRAMEWORK_SEARCH_PATHS = (
               "$(inherited)",
               "$(PLATFORM_DIR)/Developer/Library/Frameworks"
            );
            HEADER_SEARCH_PATHS = (
               "$(inherited)",
               "$(SRCROOT)/.build/checkouts/secp256k1.swift/secp256k1/Classes/secp256k1/include",
               "$(SRCROOT)/SawtoothSigning.xcodeproj/GeneratedModuleMap/libsecp256k1"
            );
            INFOPLIST_FILE = "SawtoothSigning.xcodeproj/secp256k1_Info.plist";
            LD_RUNPATH_SEARCH_PATHS = (
               "$(inherited)",
               "$(TOOLCHAIN_DIR)/usr/lib/swift/macosx"
            );
            OTHER_CFLAGS = (
               "$(inherited)"
            );
            OTHER_LDFLAGS = (
               "$(inherited)"
            );
            OTHER_SWIFT_FLAGS = (
               "$(inherited)",
               "-Xcc",
               "-fmodule-map-file=$(SRCROOT)/SawtoothSigning.xcodeproj/GeneratedModuleMap/libsecp256k1/module.modulemap"
            );
            PRODUCT_BUNDLE_IDENTIFIER = "secp256k1";
            PRODUCT_MODULE_NAME = "$(TARGET_NAME:c99extidentifier)";
            PRODUCT_NAME = "$(TARGET_NAME:c99extidentifier)";
            SKIP_INSTALL = "YES";
            SWIFT_ACTIVE_COMPILATION_CONDITIONS = (
               "$(inherited)"
            );
            SWIFT_VERSION = "4.0";
            TARGET_NAME = "secp256k1";
         };
         name = "Debug";
      };
      "OBJ_94" = {
         isa = "XCBuildConfiguration";
         buildSettings = {
            ENABLE_TESTABILITY = "YES";
            FRAMEWORK_SEARCH_PATHS = (
               "$(inherited)",
               "$(PLATFORM_DIR)/Developer/Library/Frameworks"
            );
            HEADER_SEARCH_PATHS = (
               "$(inherited)",
               "$(SRCROOT)/.build/checkouts/secp256k1.swift/secp256k1/Classes/secp256k1/include",
               "$(SRCROOT)/SawtoothSigning.xcodeproj/GeneratedModuleMap/libsecp256k1"
            );
            INFOPLIST_FILE = "SawtoothSigning.xcodeproj/secp256k1_Info.plist";
            LD_RUNPATH_SEARCH_PATHS = (
               "$(inherited)",
               "$(TOOLCHAIN_DIR)/usr/lib/swift/macosx"
            );
            OTHER_CFLAGS = (
               "$(inherited)"
            );
            OTHER_LDFLAGS = (
               "$(inherited)"
            );
            OTHER_SWIFT_FLAGS = (
               "$(inherited)",
               "-Xcc",
               "-fmodule-map-file=$(SRCROOT)/SawtoothSigning.xcodeproj/GeneratedModuleMap/libsecp256k1/module.modulemap"
            );
            PRODUCT_BUNDLE_IDENTIFIER = "secp256k1";
            PRODUCT_MODULE_NAME = "$(TARGET_NAME:c99extidentifier)";
            PRODUCT_NAME = "$(TARGET_NAME:c99extidentifier)";
            SKIP_INSTALL = "YES";
            SWIFT_ACTIVE_COMPILATION_CONDITIONS = (
               "$(inherited)"
            );
            SWIFT_VERSION = "4.0";
            TARGET_NAME = "secp256k1";
         };
         name = "Release";
      };
      "OBJ_95" = {
         isa = "PBXSourcesBuildPhase";
         files = (
            "OBJ_96"
         );
      };
      "OBJ_96" = {
         isa = "PBXBuildFile";
         fileRef = "OBJ_37";
      };
      "OBJ_97" = {
         isa = "PBXFrameworksBuildPhase";
         files = (
            "OBJ_98"
         );
      };
      "OBJ_98" = {
         isa = "PBXBuildFile";
         fileRef = "secp256k1::libsecp256k1::Product";
      };
      "OBJ_99" = {
         isa = "PBXTargetDependency";
         target = "secp256k1::libsecp256k1";
      };
      "SawtoothSigning::SawtoothSigning" = {
         isa = "PBXNativeTarget";
         buildConfigurationList = "OBJ_57";
         buildPhases = (
            "OBJ_60",
            "OBJ_71"
         );
         dependencies = (
            "OBJ_74",
            "OBJ_76"
         );
         name = "SawtoothSigning";
         productName = "SawtoothSigning";
         productReference = "SawtoothSigning::SawtoothSigning::Product";
         productType = "com.apple.product-type.framework";
      };
      "SawtoothSigning::SawtoothSigning::Product" = {
         isa = "PBXFileReference";
         path = "SawtoothSigning.framework";
         sourceTree = "BUILT_PRODUCTS_DIR";
      };
      "SawtoothSigning::SwiftPMPackageDescription" = {
         isa = "PBXNativeTarget";
         buildConfigurationList = "OBJ_79";
         buildPhases = (
            "OBJ_82"
         );
         dependencies = (
         );
         name = "SawtoothSigningPackageDescription";
         productName = "SawtoothSigningPackageDescription";
         productType = "com.apple.product-type.framework";
      };
      "secp256k1::SwiftPMPackageDescription" = {
         isa = "PBXNativeTarget";
         buildConfigurationList = "OBJ_101";
         buildPhases = (
            "OBJ_104"
         );
         dependencies = (
         );
         name = "secp256k1PackageDescription";
         productName = "secp256k1PackageDescription";
         productType = "com.apple.product-type.framework";
      };
      "secp256k1::libsecp256k1" = {
         isa = "PBXNativeTarget";
         buildConfigurationList = "OBJ_84";
         buildPhases = (
            "OBJ_87",
            "OBJ_91"
         );
         dependencies = (
         );
         name = "libsecp256k1";
         productName = "libsecp256k1";
         productReference = "secp256k1::libsecp256k1::Product";
         productType = "com.apple.product-type.framework";
      };
      "secp256k1::libsecp256k1::Product" = {
         isa = "PBXFileReference";
         path = "libsecp256k1.framework";
         sourceTree = "BUILT_PRODUCTS_DIR";
      };
      "secp256k1::secp256k1" = {
         isa = "PBXNativeTarget";
         buildConfigurationList = "OBJ_92";
         buildPhases = (
            "OBJ_95",
            "OBJ_97"
         );
         dependencies = (
            "OBJ_99"
         );
         name = "secp256k1";
         productName = "secp256k1";
         productReference = "secp256k1::secp256k1::Product";
         productType = "com.apple.product-type.framework";
      };
      "secp256k1::secp256k1::Product" = {
         isa = "PBXFileReference";
         path = "secp256k1.framework";
         sourceTree = "BUILT_PRODUCTS_DIR";
      };
   };
   rootObject = "OBJ_1";
}
